
Microsoft Visual Studio Solution File, Format Version 11.00
# Visual Studio 2010
Project("{FAE04EC0-301F-11D3-BF4B-00C04F79EFBC}") = "ArCoreSessionPlayer", "Assembly-CSharp.csproj", "{35AAF3A2-2952-C0FF-590C-57698FFEFBCA}"
EndProject
Global
	GlobalSection(SolutionConfigurationPlatforms) = preSolution
		Debug|Any CPU = Debug|Any CPU
		Release|Any CPU = Release|Any CPU
	EndGlobalSection
	GlobalSection(ProjectConfigurationPlatforms) = postSolution
		{35AAF3A2-2952-C0FF-590C-57698FFEFBCA}.Debug|Any CPU.ActiveCfg = Debug|Any CPU
		{35AAF3A2-2952-C0FF-590C-57698FFEFBCA}.Debug|Any CPU.Build.0 = Debug|Any CPU
		{35AAF3A2-2952-C0FF-590C-57698FFEFBCA}.Release|Any CPU.ActiveCfg = Release|Any CPU
		{35AAF3A2-2952-C0FF-590C-57698FFEFBCA}.Release|Any CPU.Build.0 = Release|Any CPU
	EndGlobalSection
	GlobalSection(SolutionProperties) = preSolution
		HideSolutionNode = FALSE
	EndGlobalSection
	GlobalSection(MonoDevelopProperties) = preSolution
		StartupItem = Assembly-CSharp.csproj
	EndGlobalSection
EndGlobal
